{
    "_readme": [
        "This file locks the dependencies of your project to a known state",
        "Read more about it at https://getcomposer.org/doc/01-basic-usage.md#installing-dependencies",
        "This file is @generated automatically"
    ],
    "content-hash": "f57a3fb865f75295cc50f0ace40ce4fc",
    "packages": [
        {
            "name": "leafs/anchor",
            "version": "v1.5.0",
            "source": {
                "type": "git",
                "url": "https://github.com/leafsphp/anchor.git",
                "reference": "debc228afd63d46d94d0c1d02629c2d912ecb4ee"
            },
            "dist": {
                "type": "zip",
                "url": "https://api.github.com/repos/leafsphp/anchor/zipball/debc228afd63d46d94d0c1d02629c2d912ecb4ee",
                "reference": "debc228afd63d46d94d0c1d02629c2d912ecb4ee",
                "shasum": ""
            },
            "require-dev": {
                "pestphp/pest": "^1.21"
            },
            "type": "library",
            "autoload": {
                "psr-4": {
                    "Leaf\\": "src"
                }
            },
            "notification-url": "https://packagist.org/downloads/",
            "license": [
                "MIT"
            ],
            "authors": [
                {
                    "name": "Michael Darko",
                    "email": "mickdd22@gmail.com",
                    "homepage": "https://mychi.netlify.app",
                    "role": "Developer"
                }
            ],
            "description": "Leaf PHP util module",
            "homepage": "https://leafphp.netlify.app/#/",
            "keywords": [
                "framework",
                "leaf",
                "php",
                "util"
            ],
            "support": {
                "issues": "https://github.com/leafsphp/anchor/issues",
                "source": "https://github.com/leafsphp/anchor/tree/v1.5.0"
            },
            "funding": [
                {
                    "url": "https://github.com/leafsphp",
                    "type": "github"
                },
                {
                    "url": "https://opencollective.com/leaf",
                    "type": "open_collective"
                }
            ],
            "time": "2023-07-09T00:51:55+00:00"
        },
        {
            "name": "leafs/auth",
            "version": "v2.3.2",
            "source": {
                "type": "git",
                "url": "https://github.com/leafsphp/auth.git",
                "reference": "8844171fd936db73568333a4529a85fc1a0af912"
            },
            "dist": {
                "type": "zip",
                "url": "https://api.github.com/repos/leafsphp/auth/zipball/8844171fd936db73568333a4529a85fc1a0af912",
                "reference": "8844171fd936db73568333a4529a85fc1a0af912",
                "shasum": ""
            },
            "require": {
                "leafs/date": "*",
                "leafs/db": "*",
                "leafs/form": "*",
                "leafs/http": "*",
                "leafs/password": "*",
                "leafs/session": "*"
            },
            "require-dev": {
                "leafs/alchemy": "^1.0",
                "pestphp/pest": "^1.0 | ^2.0"
            },
            "type": "library",
            "autoload": {
                "files": [
                    "src/functions.php"
                ],
                "psr-4": {
                    "Leaf\\": "src"
                }
            },
            "notification-url": "https://packagist.org/downloads/",
            "license": [
                "MIT"
            ],
            "authors": [
                {
                    "name": "Michael Darko",
                    "email": "mickdd22@gmail.com",
                    "homepage": "https://mychi.netlify.app",
                    "role": "Developer"
                }
            ],
            "description": "Leaf PHP auth helper",
            "homepage": "https://leafphp.netlify.app/#/",
            "keywords": [
                "Authentication",
                "framework",
                "leaf",
                "login",
                "php",
                "register",
                "simple auth"
            ],
            "support": {
                "issues": "https://github.com/leafsphp/auth/issues",
                "source": "https://github.com/leafsphp/auth/tree/v2.3.2"
            },
            "funding": [
                {
                    "url": "https://github.com/leafsphp",
                    "type": "github"
                },
                {
                    "url": "https://opencollective.com/leaf",
                    "type": "open_collective"
                }
            ],
            "time": "2023-10-06T17:53:01+00:00"
        },
        {
            "name": "leafs/bareui",
            "version": "v1.1.1",
            "source": {
                "type": "git",
                "url": "https://github.com/leafsphp/bareui.git",
                "reference": "a84d855be5ba319a9c0c695d65d25aabf959b23b"
            },
            "dist": {
                "type": "zip",
                "url": "https://api.github.com/repos/leafsphp/bareui/zipball/a84d855be5ba319a9c0c695d65d25aabf959b23b",
                "reference": "a84d855be5ba319a9c0c695d65d25aabf959b23b",
                "shasum": ""
            },
            "type": "library",
            "autoload": {
                "files": [
                    "src/scripts.php"
                ],
                "psr-4": {
                    "Leaf\\": "src"
                }
            },
            "notification-url": "https://packagist.org/downloads/",
            "license": [
                "MIT"
            ],
            "authors": [
                {
                    "name": "Michael Darko",
                    "email": "mickdd22@gmail.com",
                    "homepage": "https://mychi.netlify.app",
                    "role": "Developer"
                }
            ],
            "description": "Leaf PHP bareui templating engine",
            "homepage": "https://leafphp.netlify.app/#/",
            "keywords": [
                "framework",
                "leaf",
                "php",
                "simple templating",
                "template",
                "view"
            ],
            "support": {
                "issues": "https://github.com/leafsphp/bareui/issues",
                "source": "https://github.com/leafsphp/bareui/tree/v1.1.1"
            },
            "funding": [
                {
                    "url": "https://github.com/leafsphp",
                    "type": "github"
                },
                {
                    "url": "https://opencollective.com/leaf",
                    "type": "open_collective"
                }
            ],
            "time": "2023-05-17T08:42:17+00:00"
        },
        {
            "name": "leafs/date",
            "version": "v2.0",
            "source": {
                "type": "git",
                "url": "https://github.com/leafsphp/date.git",
                "reference": "ba85333fd07348f1e06b775d226ec23c991e8285"
            },
            "dist": {
                "type": "zip",
                "url": "https://api.github.com/repos/leafsphp/date/zipball/ba85333fd07348f1e06b775d226ec23c991e8285",
                "reference": "ba85333fd07348f1e06b775d226ec23c991e8285",
                "shasum": ""
            },
            "require-dev": {
                "friendsofphp/php-cs-fixer": "^3.14",
                "leafs/alchemy": "^1.0"
            },
            "type": "library",
            "autoload": {
                "files": [
                    "src/functions.php"
                ],
                "psr-4": {
                    "Leaf\\": "src"
                }
            },
            "notification-url": "https://packagist.org/downloads/",
            "license": [
                "MIT"
            ],
            "authors": [
                {
                    "name": "Michael Darko",
                    "email": "mickdd22@gmail.com",
                    "homepage": "https://mychi.netlify.app",
                    "role": "Developer"
                }
            ],
            "description": "Leaf PHP date module",
            "homepage": "https://leafphp.netlify.app/#/",
            "keywords": [
                "date",
                "datetime",
                "framework",
                "leaf",
                "php",
                "time"
            ],
            "support": {
                "issues": "https://github.com/leafsphp/date/issues",
                "source": "https://github.com/leafsphp/date/tree/v2.0"
            },
            "funding": [
                {
                    "url": "https://github.com/leafsphp",
                    "type": "github"
                },
                {
                    "url": "https://opencollective.com/leaf",
                    "type": "open_collective"
                }
            ],
            "time": "2023-04-02T18:53:25+00:00"
        },
        {
            "name": "leafs/db",
            "version": "v2.1.1",
            "source": {
                "type": "git",
                "url": "https://github.com/leafsphp/db.git",
                "reference": "6d7cad817a524abb898f81a3642e83ba930e8081"
            },
            "dist": {
                "type": "zip",
                "url": "https://api.github.com/repos/leafsphp/db/zipball/6d7cad817a524abb898f81a3642e83ba930e8081",
                "reference": "6d7cad817a524abb898f81a3642e83ba930e8081",
                "shasum": ""
            },
            "require-dev": {
                "friendsofphp/php-cs-fixer": "^3.14",
                "leafs/alchemy": "^1.0",
                "pestphp/pest": "^1.21"
            },
            "type": "library",
            "autoload": {
                "files": [
                    "src/functions.php"
                ],
                "psr-4": {
                    "Leaf\\": "src"
                }
            },
            "notification-url": "https://packagist.org/downloads/",
            "license": [
                "MIT"
            ],
            "authors": [
                {
                    "name": "Michael Darko",
                    "email": "mickdd22@gmail.com",
                    "homepage": "https://mychi.netlify.app",
                    "role": "Developer"
                }
            ],
            "description": "Leaf PHP db module.",
            "homepage": "https://leafphp.dev/modules/db/",
            "keywords": [
                "database",
                "framework",
                "leaf",
                "orm",
                "php"
            ],
            "support": {
                "issues": "https://github.com/leafsphp/db/issues",
                "source": "https://github.com/leafsphp/db/tree/v2.1.1"
            },
            "funding": [
                {
                    "url": "https://github.com/leafsphp",
                    "type": "github"
                },
                {
                    "url": "https://opencollective.com/leaf",
                    "type": "open_collective"
                }
            ],
            "time": "2023-08-03T20:59:45+00:00"
        },
        {
            "name": "leafs/form",
            "version": "v2.1",
            "source": {
                "type": "git",
                "url": "https://github.com/leafsphp/form.git",
                "reference": "86ecc5c1799b1a26b16cfcff3dbb451f8611ad1e"
            },
            "dist": {
                "type": "zip",
                "url": "https://api.github.com/repos/leafsphp/form/zipball/86ecc5c1799b1a26b16cfcff3dbb451f8611ad1e",
                "reference": "86ecc5c1799b1a26b16cfcff3dbb451f8611ad1e",
                "shasum": ""
            },
            "require": {
                "ext-json": "*"
            },
            "require-dev": {
                "friendsofphp/php-cs-fixer": "^3.0",
                "pestphp/pest": "^1.22"
            },
            "type": "library",
            "autoload": {
                "files": [
                    "src/functions.php"
                ],
                "psr-4": {
                    "Leaf\\": "src"
                }
            },
            "notification-url": "https://packagist.org/downloads/",
            "license": [
                "MIT"
            ],
            "authors": [
                {
                    "name": "Michael Darko",
                    "email": "mickdd22@gmail.com",
                    "homepage": "https://mychi.netlify.app",
                    "role": "Developer"
                }
            ],
            "description": "Simple straightup data validation",
            "homepage": "https://leafphp.dev/modules/forms/",
            "keywords": [
                "form",
                "framework",
                "leaf",
                "php",
                "validation"
            ],
            "support": {
                "issues": "https://github.com/leafsphp/form/issues",
                "source": "https://github.com/leafsphp/form/tree/v2.1"
            },
            "funding": [
                {
                    "url": "https://github.com/leafsphp",
                    "type": "github"
                },
                {
                    "url": "https://opencollective.com/leaf",
                    "type": "open_collective"
                }
            ],
            "time": "2023-11-12T21:51:53+00:00"
        },
        {
            "name": "leafs/http",
            "version": "v2.3.0",
            "source": {
                "type": "git",
                "url": "https://github.com/leafsphp/http.git",
                "reference": "d54f6dc5c28a4e0c0294c39ebdd05d3c059d86f2"
            },
            "dist": {
                "type": "zip",
                "url": "https://api.github.com/repos/leafsphp/http/zipball/d54f6dc5c28a4e0c0294c39ebdd05d3c059d86f2",
                "reference": "d54f6dc5c28a4e0c0294c39ebdd05d3c059d86f2",
                "shasum": ""
            },
            "require": {
                "leafs/anchor": "*",
                "leafs/form": "*"
            },
            "type": "library",
            "autoload": {
                "files": [
                    "src/functions.php"
                ],
                "psr-4": {
                    "Leaf\\Http\\": "src"
                }
            },
            "notification-url": "https://packagist.org/downloads/",
            "license": [
                "MIT"
            ],
            "authors": [
                {
                    "name": "Michael Darko",
                    "email": "mickdd22@gmail.com",
                    "homepage": "https://mychi.netlify.app",
                    "role": "Developer"
                }
            ],
            "description": "Http abstraction for Leaf PHP",
            "homepage": "https://leafphp.dev/modules/http/v/2/request.html",
            "keywords": [
                "framework",
                "headers",
                "http",
                "leaf",
                "php",
                "request",
                "response"
            ],
            "support": {
                "issues": "https://github.com/leafsphp/http/issues",
                "source": "https://github.com/leafsphp/http/tree/v2.3.0"
            },
            "funding": [
                {
                    "url": "https://github.com/leafsphp",
                    "type": "github"
                },
                {
                    "url": "https://opencollective.com/leaf",
                    "type": "open_collective"
                }
            ],
            "time": "2023-08-24T22:52:10+00:00"
        },
        {
            "name": "leafs/password",
            "version": "v1.0",
            "source": {
                "type": "git",
                "url": "https://github.com/leafsphp/password.git",
                "reference": "f720c3b18c6c6efeaeb67d1cfad336febd4c7f94"
            },
            "dist": {
                "type": "zip",
                "url": "https://api.github.com/repos/leafsphp/password/zipball/f720c3b18c6c6efeaeb67d1cfad336febd4c7f94",
                "reference": "f720c3b18c6c6efeaeb67d1cfad336febd4c7f94",
                "shasum": ""
            },
            "type": "library",
            "autoload": {
                "psr-4": {
                    "Leaf\\Helpers\\": "src"
                }
            },
            "notification-url": "https://packagist.org/downloads/",
            "license": [
                "MIT"
            ],
            "authors": [
                {
                    "name": "Michael Darko",
                    "email": "mickdd22@gmail.com",
                    "homepage": "https://mychi.netlify.app",
                    "role": "Developer"
                }
            ],
            "description": "Leaf PHP password helper",
            "homepage": "https://leafphp.netlify.app/#/",
            "keywords": [
                "framework",
                "leaf",
                "php",
                "simple templating",
                "template",
                "view"
            ],
            "support": {
                "issues": "https://github.com/leafsphp/password/issues",
                "source": "https://github.com/leafsphp/password/tree/v1.0"
            },
            "funding": [
                {
                    "url": "https://opencollective.com/leaf",
                    "type": "open_collective"
                }
            ],
            "time": "2021-09-19T12:27:19+00:00"
        },
        {
            "name": "leafs/router",
            "version": "v0.2.3",
            "source": {
                "type": "git",
                "url": "https://github.com/leafsphp/router.git",
                "reference": "d7d66f7e76714885d878e70c7cc2c117d5c998ad"
            },
            "dist": {
                "type": "zip",
                "url": "https://api.github.com/repos/leafsphp/router/zipball/d7d66f7e76714885d878e70c7cc2c117d5c998ad",
                "reference": "d7d66f7e76714885d878e70c7cc2c117d5c998ad",
                "shasum": ""
            },
            "require": {
                "leafs/anchor": "*",
                "leafs/http": "*"
            },
            "require-dev": {
                "pestphp/pest": "^1.21"
            },
            "type": "library",
            "autoload": {
                "psr-4": {
                    "Leaf\\": "src"
                }
            },
            "notification-url": "https://packagist.org/downloads/",
            "license": [
                "MIT"
            ],
            "authors": [
                {
                    "name": "Michael Darko",
                    "email": "mickdd22@gmail.com",
                    "homepage": "https://mychi.netlify.app",
                    "role": "Developer"
                }
            ],
            "description": "Leaf router module for Leaf PHP.",
            "homepage": "https://leafphp.netlify.app/#/modules/router",
            "keywords": [
                "framework",
                "leaf",
                "php",
                "rest",
                "router"
            ],
            "support": {
                "issues": "https://github.com/leafsphp/router/issues",
                "source": "https://github.com/leafsphp/router/tree/v0.2.3"
            },
            "funding": [
                {
                    "url": "https://github.com/leafsphp",
                    "type": "github"
                },
                {
                    "url": "https://opencollective.com/leaf",
                    "type": "open_collective"
                }
            ],
            "time": "2023-06-30T09:40:09+00:00"
        },
        {
            "name": "leafs/session",
            "version": "v2.0",
            "source": {
                "type": "git",
                "url": "https://github.com/leafsphp/session.git",
                "reference": "917f7919a95191372a5b6860061d1c1c19c5c8b7"
            },
            "dist": {
                "type": "zip",
                "url": "https://api.github.com/repos/leafsphp/session/zipball/917f7919a95191372a5b6860061d1c1c19c5c8b7",
                "reference": "917f7919a95191372a5b6860061d1c1c19c5c8b7",
                "shasum": ""
            },
            "require": {
                "leafs/anchor": "*"
            },
            "require-dev": {
                "friendsofphp/php-cs-fixer": "^3.0",
                "pestphp/pest": "^1.21"
            },
            "type": "library",
            "autoload": {
                "files": [
                    "src/functions.php"
                ],
                "psr-4": {
                    "Leaf\\": "src"
                }
            },
            "notification-url": "https://packagist.org/downloads/",
            "license": [
                "MIT"
            ],
            "authors": [
                {
                    "name": "Michael Darko",
                    "email": "mickdd22@gmail.com",
                    "homepage": "https://mychi.netlify.app",
                    "role": "Developer"
                }
            ],
            "description": "Leaf PHP session + flash modules",
            "homepage": "https://leafphp.dev/modules/session/",
            "keywords": [
                "flash",
                "framework",
                "http",
                "leaf",
                "php",
                "session"
            ],
            "support": {
                "issues": "https://github.com/leafsphp/session/issues",
                "source": "https://github.com/leafsphp/session/tree/v2.0"
            },
            "funding": [
                {
                    "url": "https://github.com/leafsphp",
                    "type": "github"
                },
                {
                    "url": "https://opencollective.com/leaf",
                    "type": "open_collective"
                }
            ],
            "time": "2023-07-09T16:59:55+00:00"
        },
        {
            "name": "symfony/dotenv",
            "version": "v7.0.4",
            "source": {
                "type": "git",
                "url": "https://github.com/symfony/dotenv.git",
                "reference": "8017ea2f0ff4fbda6ae1bf3f5409d5ecff982067"
            },
            "dist": {
                "type": "zip",
                "url": "https://api.github.com/repos/symfony/dotenv/zipball/8017ea2f0ff4fbda6ae1bf3f5409d5ecff982067",
                "reference": "8017ea2f0ff4fbda6ae1bf3f5409d5ecff982067",
                "shasum": ""
            },
            "require": {
                "php": ">=8.2"
            },
            "conflict": {
                "symfony/console": "<6.4",
                "symfony/process": "<6.4"
            },
            "require-dev": {
                "symfony/console": "^6.4|^7.0",
                "symfony/process": "^6.4|^7.0"
            },
            "type": "library",
            "autoload": {
                "psr-4": {
                    "Symfony\\Component\\Dotenv\\": ""
                },
                "exclude-from-classmap": [
                    "/Tests/"
                ]
            },
            "notification-url": "https://packagist.org/downloads/",
            "license": [
                "MIT"
            ],
            "authors": [
                {
                    "name": "Fabien Potencier",
                    "email": "fabien@symfony.com"
                },
                {
                    "name": "Symfony Community",
                    "homepage": "https://symfony.com/contributors"
                }
            ],
            "description": "Registers environment variables from a .env file",
            "homepage": "https://symfony.com",
            "keywords": [
                "dotenv",
                "env",
                "environment"
            ],
            "support": {
                "source": "https://github.com/symfony/dotenv/tree/v7.0.4"
            },
            "funding": [
                {
                    "url": "https://symfony.com/sponsor",
                    "type": "custom"
                },
                {
                    "url": "https://github.com/fabpot",
                    "type": "github"
                },
                {
                    "url": "https://tidelift.com/funding/github/packagist/symfony/symfony",
                    "type": "tidelift"
                }
            ],
            "time": "2024-02-09T10:53:15+00:00"
        }
    ],
    "packages-dev": [],
    "aliases": [],
    "minimum-stability": "stable",
    "stability-flags": [],
    "prefer-stable": false,
    "prefer-lowest": false,
    "platform": [],
    "platform-dev": [],
    "plugin-api-version": "2.6.0"
}
